
Microsoft Visual Studio Solution File, Format Version 12.00
# Visual Studio Version 16
VisualStudioVersion = 16.0.30517.126
MinimumVisualStudioVersion = 10.0.40219.1
Project("{FAE04EC0-301F-11D3-BF4B-00C04F79EFBC}") = "Lab10", "Lab10\Lab10.csproj", "{87763AC2-6B98-45B9-94D4-6324ADBB791D}"
EndProject
Global
	GlobalSection(SolutionConfigurationPlatforms) = preSolution
		Debug|Any CPU = Debug|Any CPU
		Release|Any CPU = Release|Any CPU
	EndGlobalSection
	GlobalSection(ProjectConfigurationPlatforms) = postSolution
		{87763AC2-6B98-45B9-94D4-6324ADBB791D}.Debug|Any CPU.ActiveCfg = Debug|Any CPU
		{87763AC2-6B98-45B9-94D4-6324ADBB791D}.Debug|Any CPU.Build.0 = Debug|Any CPU
		{87763AC2-6B98-45B9-94D4-6324ADBB791D}.Release|Any CPU.ActiveCfg = Release|Any CPU
		{87763AC2-6B98-45B9-94D4-6324ADBB791D}.Release|Any CPU.Build.0 = Release|Any CPU
	EndGlobalSection
	GlobalSection(SolutionProperties) = preSolution
		HideSolutionNode = FALSE
	EndGlobalSection
	GlobalSection(ExtensibilityGlobals) = postSolution
		SolutionGuid = {735B83E6-47FD-4842-B5EE-0AEC0C58D353}
	EndGlobalSection
EndGlobal
