
Microsoft Visual Studio Solution File, Format Version 12.00
# Visual Studio Version 16
VisualStudioVersion = 16.0.30517.126
MinimumVisualStudioVersion = 10.0.40219.1
Project("{FAE04EC0-301F-11D3-BF4B-00C04F79EFBC}") = "Sr", "Sr\Sr.csproj", "{5A9D04E0-CB26-4718-8F4A-57A90D5CAF13}"
EndProject
Global
	GlobalSection(SolutionConfigurationPlatforms) = preSolution
		Debug|Any CPU = Debug|Any CPU
		Release|Any CPU = Release|Any CPU
	EndGlobalSection
	GlobalSection(ProjectConfigurationPlatforms) = postSolution
		{5A9D04E0-CB26-4718-8F4A-57A90D5CAF13}.Debug|Any CPU.ActiveCfg = Debug|Any CPU
		{5A9D04E0-CB26-4718-8F4A-57A90D5CAF13}.Debug|Any CPU.Build.0 = Debug|Any CPU
		{5A9D04E0-CB26-4718-8F4A-57A90D5CAF13}.Release|Any CPU.ActiveCfg = Release|Any CPU
		{5A9D04E0-CB26-4718-8F4A-57A90D5CAF13}.Release|Any CPU.Build.0 = Release|Any CPU
	EndGlobalSection
	GlobalSection(SolutionProperties) = preSolution
		HideSolutionNode = FALSE
	EndGlobalSection
	GlobalSection(ExtensibilityGlobals) = postSolution
		SolutionGuid = {813D374D-6EA6-474D-9C31-F3907B620F22}
	EndGlobalSection
EndGlobal
